apiVersion: vendir.k14s.io/v1alpha1
directories:
- contents:
  - configDigest: 37575973b28981210d2f580d461e95295cdf12ccc4853abf672799d3a7916019
    http: {}
    path: ceph-cluster
  - configDigest: 6c53b6534e0a755761d96f1db2cbd9c541fd7b5805d80e3fd6c47896b0e02e9e
    http: {}
    path: ceph-osd
  - configDigest: 859d6eb576ccb3d4ddb6c416bf8a9c7f8beb91f30713d1a3f5acd06c21f18402
    http: {}
    path: ceph-pools
  path: _sources/ceph
- contents:
  - configDigest: e1ed3e60f4fce039a8028e8dbf48a414b3a26bff485e54c664a1d9b9edf93ff7
    git:
      commitTitle: Prepare for release v1.20.2...
      sha: e0dc92bd6dac33d7ba3b5eace82a0448bbb13aac
      tags:
      - v1.20.2
    path: .
  path: _sources/cilium
- contents:
  - configDigest: c794d1bd992c2aab1866e9a9e0c9e078c8eed5d8f58eec9ce26492c75325c07c
    git:
      commitTitle: 'Revert "dashboards: add initial agentgateway dashboard" (#6)...'
      sha: cc4b1f27754cb518da31adce89f6cb33c4a00f92
    path: .
  path: _sources/kgateway
- contents:
  - configDigest: fe6d51609c2d26f1e71173afa05ac19c1addf592367367af8f6e58313f9abb6a
    git:
      commitTitle: Release cluster-v0.0.5 (#36)...
      sha: cececeb393fb7c5400b4fa290aca68041293a127
      tags:
      - cluster-v0.0.5
    path: cnpg
  - configDigest: df3126888dc9979dca0fa8a7145d16afcf1546ced61d2e18ccbd5b9be041b620
    git:
      commitTitle: 'fix(chart): bump version to v1.6.1 with missing configmap role
        (#543)...'
      sha: b28637d78d828f80a3b3fd76acaa2dd6e3c28603
      tags:
      - v1.6.1
    path: dragonfly
  path: _sources/database
- contents:
  - configDigest: 14b9dc635b69b244a1c1939be170e8a3f0f2484d6d16857dc0cf0448910d9156
    git:
      commitTitle: '[release-1.9] cherry pick v1.9.1 release notes and chore commits
        (#9885)...'
      sha: 0260554fd4f33b787aad77a129fc0ffeb00c1f29
      tags:
      - v1.9.1
    path: gateway
  path: _sources/envoy
- contents:
  - configDigest: e2b09003c7643f7797f26aafc5a5bda8981bfb6778986db52397f1c1f1a8f307
    http: {}
    path: k8s-system-api-server
  - configDigest: b00ce572f00a12ece6ae115bb953afc7ae474ecd8966592373eb32fa0982ff9c
    http: {}
    path: k8s-views-global
  - configDigest: 725feff831ed3d187d80fc258c6cc6a017ba213b63b90096691508832ca48c9a
    http: {}
    path: k8s-views-nodes
  - configDigest: ce9ec65ce41816886ae3fbe7a107d1c303500c342e62a9faf7b393685e4e9195
    http: {}
    path: k8s-views-namespaces
  - configDigest: 42d25289b64b7118b22d19a86a43885ef8eef62f1a4de5c9e4f711805342aa8c
    http: {}
    path: k8s-views-pods
  path: _sources/kubernetes
- contents:
  - configDigest: e7b9c489ae1ab51df1583f1559d485e9e2827dc8350ce913836e8db52d6a2ffb
    http: {}
    path: node-exporter-full
  - configDigest: 4df4c2d56d1559a5204d66f43dfce2e8a830e47af0cf56132b4b230d39e105f0
    http: {}
    path: smartctl-exporter
  path: _sources/default
- contents:
  - configDigest: 162d4cb6ccb8dace1246e4f3f80c67d7d500ce224334875ef2c3a5aed24bbd9a
    http: {}
    path: blackbox-exporter
  path: _sources/devices
kind: LockConfig
